
Microsoft Visual Studio Solution File, Format Version 12.00
# Visual Studio Version 17
VisualStudioVersion = 17.10.35122.118
MinimumVisualStudioVersion = 10.0.40219.1
Project("{FAE04EC0-301F-11D3-BF4B-00C04F79EFBC}") = "BenchmarkPlayground", "BenchmarkPlayground\BenchmarkPlayground.csproj", "{56E2ACA3-2521-4E33-98CD-D2215F126E67}"
EndProject
Global
	GlobalSection(SolutionConfigurationPlatforms) = preSolution
		Debug|Any CPU = Debug|Any CPU
		Release|Any CPU = Release|Any CPU
	EndGlobalSection
	GlobalSection(ProjectConfigurationPlatforms) = postSolution
		{56E2ACA3-2521-4E33-98CD-D2215F126E67}.Debug|Any CPU.ActiveCfg = Debug|Any CPU
		{56E2ACA3-2521-4E33-98CD-D2215F126E67}.Debug|Any CPU.Build.0 = Debug|Any CPU
		{56E2ACA3-2521-4E33-98CD-D2215F126E67}.Release|Any CPU.ActiveCfg = Release|Any CPU
		{56E2ACA3-2521-4E33-98CD-D2215F126E67}.Release|Any CPU.Build.0 = Release|Any CPU
	EndGlobalSection
	GlobalSection(SolutionProperties) = preSolution
		HideSolutionNode = FALSE
	EndGlobalSection
	GlobalSection(ExtensibilityGlobals) = postSolution
		SolutionGuid = {96A8DB83-40A0-4141-A6A4-D548D8C8039D}
	EndGlobalSection
EndGlobal
